
Microsoft Visual Studio Solution File, Format Version 12.00
# Visual Studio Version 16
VisualStudioVersion = 16.0.32510.428
MinimumVisualStudioVersion = 10.0.40219.1
Project("{FAE04EC0-301F-11D3-BF4B-00C04F79EFBC}") = "MiniProject", "MiniProject\MiniProject.csproj", "{F7CD1688-D451-47D2-9AB6-2AFD21D4CCAC}"
EndProject
Global
	GlobalSection(SolutionConfigurationPlatforms) = preSolution
		Debug|Any CPU = Debug|Any CPU
		Release|Any CPU = Release|Any CPU
	EndGlobalSection
	GlobalSection(ProjectConfigurationPlatforms) = postSolution
		{F7CD1688-D451-47D2-9AB6-2AFD21D4CCAC}.Debug|Any CPU.ActiveCfg = Debug|Any CPU
		{F7CD1688-D451-47D2-9AB6-2AFD21D4CCAC}.Debug|Any CPU.Build.0 = Debug|Any CPU
		{F7CD1688-D451-47D2-9AB6-2AFD21D4CCAC}.Release|Any CPU.ActiveCfg = Release|Any CPU
		{F7CD1688-D451-47D2-9AB6-2AFD21D4CCAC}.Release|Any CPU.Build.0 = Release|Any CPU
	EndGlobalSection
	GlobalSection(SolutionProperties) = preSolution
		HideSolutionNode = FALSE
	EndGlobalSection
	GlobalSection(ExtensibilityGlobals) = postSolution
		SolutionGuid = {38649F12-8D59-4B45-8513-45B117813409}
	EndGlobalSection
EndGlobal
